<?xml version="1.0" encoding="utf-8"?>
<Project ToolsVersion="4.0" xmlns="http://schemas.microsoft.com/developer/msbuild/2003">
  <ItemGroup>
    <ClCompile Include="UserFiles/UserImplementations.cpp" />
    <ClCompile Include="UserFiles\patcher.cpp">
      <Filter>patcher</Filter>
    </ClCompile>
    <ClCompile Include="GeneratedFiles/version_DllMain.c" />
    <ClCompile Include="GeneratedFiles/version.c" />
    <ClCompile Include="UserFiles\easteregg.cpp">
      <Filter>patcher</Filter>
    </ClCompile>
  </ItemGroup>
  <ItemGroup>
    <MASM Include="GeneratedFiles/version_x64.asm" />
    <MASM Include="GeneratedFiles/version_x86.asm" />
  </ItemGroup>
  <ItemGroup>
    <Filter Include="patcher">
      <UniqueIdentifier>{6a35c9a0-f384-4a54-bbef-521c7464400a}</UniqueIdentifier>
    </Filter>
  </ItemGroup>
  <ItemGroup>
    <ClInclude Include="UserFiles\patcher.h">
      <Filter>patcher</Filter>
    </ClInclude>
    <ClInclude Include="UserFiles\easteregg.h">
      <Filter>patcher</Filter>
    </ClInclude>
  </ItemGroup>
</Project>