Microsoft Visual Studio Solution File, Format Version 12.00
# Visual Studio Version 17
VisualStudioVersion = 17.9.34723.18
MinimumVisualStudioVersion = 10.0.40219.1
Project("{8BC9CEB8-8B4A-11D0-8D11-00A0C91BC942}") = "FuckKookOBS", "FuckKookOBS.vcxproj", "{FF3B982E-2504-4209-B3ED-1CD49BCAD2BA}"
EndProject
Global
	GlobalSection(SolutionConfigurationPlatforms) = preSolution
		Debug|x64 = Debug|x64
		Debug|x86 = Debug|x86
		Release|x64 = Release|x64
		Release|x86 = Release|x86
	EndGlobalSection
	GlobalSection(ProjectConfigurationPlatforms) = postSolution
		{FF3B982E-2504-4209-B3ED-1CD49BCAD2BA}.Debug|x64.ActiveCfg = Debug|x64
		{FF3B982E-2504-4209-B3ED-1CD49BCAD2BA}.Debug|x64.Build.0 = Debug|x64
		{FF3B982E-2504-4209-B3ED-1CD49BCAD2BA}.Debug|x86.ActiveCfg = Debug|Win32
		{FF3B982E-2504-4209-B3ED-1CD49BCAD2BA}.Debug|x86.Build.0 = Debug|Win32
		{FF3B982E-2504-4209-B3ED-1CD49BCAD2BA}.Release|x64.ActiveCfg = Release|x64
		{FF3B982E-2504-4209-B3ED-1CD49BCAD2BA}.Release|x64.Build.0 = Release|x64
		{FF3B982E-2504-4209-B3ED-1CD49BCAD2BA}.Release|x86.ActiveCfg = Release|Win32
		{FF3B982E-2504-4209-B3ED-1CD49BCAD2BA}.Release|x86.Build.0 = Release|Win32
	EndGlobalSection
	GlobalSection(SolutionProperties) = preSolution
		HideSolutionNode = FALSE
	EndGlobalSection
	GlobalSection(ExtensibilityGlobals) = postSolution
		SolutionGuid = {A5BC7A49-9E14-4A6A-8583-8D6E6BF3B200}
	EndGlobalSection
EndGlobal

